
Microsoft Visual Studio Solution File, Format Version 12.00
# Visual Studio 14
VisualStudioVersion = 14.0.23107.0
MinimumVisualStudioVersion = 10.0.40219.1
Project("{8BC9CEB8-8B4A-11D0-8D11-00A0C91BC942}") = "wolfmqtt", "wolfmqtt.vcxproj", "{D42405EE-238F-4560-8B49-E70948EC9100}"
EndProject
Project("{8BC9CEB8-8B4A-11D0-8D11-00A0C91BC942}") = "mqttclient", "examples\mqttclient\mqttclient.vcxproj", "{4E51AEE3-75E7-40C2-82DB-DEF0299D8AD7}"
	ProjectSection(ProjectDependencies) = postProject
		{D42405EE-238F-4560-8B49-E70948EC9100} = {D42405EE-238F-4560-8B49-E70948EC9100}
	EndProjectSection
EndProject
Project("{8BC9CEB8-8B4A-11D0-8D11-00A0C91BC942}") = "fwclient", "examples\firmware\fwclient.vcxproj", "{A2BF1ABD-04A4-4832-A561-F5F2100D4632}"
EndProject
Project("{8BC9CEB8-8B4A-11D0-8D11-00A0C91BC942}") = "fwpush", "examples\firmware\fwpush.vcxproj", "{AC340EE9-6612-4B96-8B64-D1FF64301D32}"
EndProject
Project("{8BC9CEB8-8B4A-11D0-8D11-00A0C91BC942}") = "azureiothub", "examples\azure\azureiothub.vcxproj", "{D6D64B80-7203-4E0D-B883-E126B823A96E}"
EndProject
Project("{8BC9CEB8-8B4A-11D0-8D11-00A0C91BC942}") = "awsiot", "examples\aws\awsiot.vcxproj", "{508BA82F-0DEC-44AA-BB74-096BF753AC78}"
EndProject
Project("{8BC9CEB8-8B4A-11D0-8D11-00A0C91BC942}") = "wiot", "examples\wiot\wiot.vcxproj", "{CDC51BE2-B7AB-4E17-9B5D-68820411E6CD}"
EndProject
Project("{8BC9CEB8-8B4A-11D0-8D11-00A0C91BC942}") = "nbclient", "examples\nbclient\nbclient.vcxproj", "{9BD647D2-683B-4BBD-97F9-C19EB2851FE3}"
EndProject
Project("{8BC9CEB8-8B4A-11D0-8D11-00A0C91BC942}") = "sn-client", "examples\sn-client\sn-client.vcxproj", "{CBA36D33-BBC1-458B-BDB5-E8A4FEBE6A8C}"
EndProject
Global
	GlobalSection(SolutionConfigurationPlatforms) = preSolution
		Debug|x64 = Debug|x64
		Debug|x86 = Debug|x86
		Release|x64 = Release|x64
		Release|x86 = Release|x86
	EndGlobalSection
	GlobalSection(ProjectConfigurationPlatforms) = postSolution
		{D42405EE-238F-4560-8B49-E70948EC9100}.Debug|x64.ActiveCfg = Debug|x64
		{D42405EE-238F-4560-8B49-E70948EC9100}.Debug|x64.Build.0 = Debug|x64
		{D42405EE-238F-4560-8B49-E70948EC9100}.Debug|x86.ActiveCfg = Debug|Win32
		{D42405EE-238F-4560-8B49-E70948EC9100}.Debug|x86.Build.0 = Debug|Win32
		{D42405EE-238F-4560-8B49-E70948EC9100}.Release|x64.ActiveCfg = Release|x64
		{D42405EE-238F-4560-8B49-E70948EC9100}.Release|x64.Build.0 = Release|x64
		{D42405EE-238F-4560-8B49-E70948EC9100}.Release|x86.ActiveCfg = Release|Win32
		{D42405EE-238F-4560-8B49-E70948EC9100}.Release|x86.Build.0 = Release|Win32
		{4E51AEE3-75E7-40C2-82DB-DEF0299D8AD7}.Debug|x64.ActiveCfg = Debug|x64
		{4E51AEE3-75E7-40C2-82DB-DEF0299D8AD7}.Debug|x64.Build.0 = Debug|x64
		{4E51AEE3-75E7-40C2-82DB-DEF0299D8AD7}.Debug|x86.ActiveCfg = Debug|Win32
		{4E51AEE3-75E7-40C2-82DB-DEF0299D8AD7}.Debug|x86.Build.0 = Debug|Win32
		{4E51AEE3-75E7-40C2-82DB-DEF0299D8AD7}.Release|x64.ActiveCfg = Release|x64
		{4E51AEE3-75E7-40C2-82DB-DEF0299D8AD7}.Release|x64.Build.0 = Release|x64
		{4E51AEE3-75E7-40C2-82DB-DEF0299D8AD7}.Release|x86.ActiveCfg = Release|Win32
		{4E51AEE3-75E7-40C2-82DB-DEF0299D8AD7}.Release|x86.Build.0 = Release|Win32
		{A2BF1ABD-04A4-4832-A561-F5F2100D4632}.Debug|x64.ActiveCfg = Debug|x64
		{A2BF1ABD-04A4-4832-A561-F5F2100D4632}.Debug|x64.Build.0 = Debug|x64
		{A2BF1ABD-04A4-4832-A561-F5F2100D4632}.Debug|x86.ActiveCfg = Debug|Win32
		{A2BF1ABD-04A4-4832-A561-F5F2100D4632}.Debug|x86.Build.0 = Debug|Win32
		{A2BF1ABD-04A4-4832-A561-F5F2100D4632}.Release|x64.ActiveCfg = Release|x64
		{A2BF1ABD-04A4-4832-A561-F5F2100D4632}.Release|x64.Build.0 = Release|x64
		{A2BF1ABD-04A4-4832-A561-F5F2100D4632}.Release|x86.ActiveCfg = Release|Win32
		{A2BF1ABD-04A4-4832-A561-F5F2100D4632}.Release|x86.Build.0 = Release|Win32
		{AC340EE9-6612-4B96-8B64-D1FF64301D32}.Debug|x64.ActiveCfg = Debug|x64
		{AC340EE9-6612-4B96-8B64-D1FF64301D32}.Debug|x64.Build.0 = Debug|x64
		{AC340EE9-6612-4B96-8B64-D1FF64301D32}.Debug|x86.ActiveCfg = Debug|Win32
		{AC340EE9-6612-4B96-8B64-D1FF64301D32}.Debug|x86.Build.0 = Debug|Win32
		{AC340EE9-6612-4B96-8B64-D1FF64301D32}.Release|x64.ActiveCfg = Release|x64
		{AC340EE9-6612-4B96-8B64-D1FF64301D32}.Release|x64.Build.0 = Release|x64
		{AC340EE9-6612-4B96-8B64-D1FF64301D32}.Release|x86.ActiveCfg = Release|Win32
		{AC340EE9-6612-4B96-8B64-D1FF64301D32}.Release|x86.Build.0 = Release|Win32
		{D6D64B80-7203-4E0D-B883-E126B823A96E}.Debug|x64.ActiveCfg = Debug|x64
		{D6D64B80-7203-4E0D-B883-E126B823A96E}.Debug|x64.Build.0 = Debug|x64
		{D6D64B80-7203-4E0D-B883-E126B823A96E}.Debug|x86.ActiveCfg = Debug|Win32
		{D6D64B80-7203-4E0D-B883-E126B823A96E}.Debug|x86.Build.0 = Debug|Win32
		{D6D64B80-7203-4E0D-B883-E126B823A96E}.Release|x64.ActiveCfg = Release|x64
		{D6D64B80-7203-4E0D-B883-E126B823A96E}.Release|x64.Build.0 = Release|x64
		{D6D64B80-7203-4E0D-B883-E126B823A96E}.Release|x86.ActiveCfg = Release|Win32
		{D6D64B80-7203-4E0D-B883-E126B823A96E}.Release|x86.Build.0 = Release|Win32
		{508BA82F-0DEC-44AA-BB74-096BF753AC78}.Debug|x64.ActiveCfg = Debug|x64
		{508BA82F-0DEC-44AA-BB74-096BF753AC78}.Debug|x64.Build.0 = Debug|x64
		{508BA82F-0DEC-44AA-BB74-096BF753AC78}.Debug|x86.ActiveCfg = Debug|Win32
		{508BA82F-0DEC-44AA-BB74-096BF753AC78}.Debug|x86.Build.0 = Debug|Win32
		{508BA82F-0DEC-44AA-BB74-096BF753AC78}.Release|x64.ActiveCfg = Release|x64
		{508BA82F-0DEC-44AA-BB74-096BF753AC78}.Release|x64.Build.0 = Release|x64
		{508BA82F-0DEC-44AA-BB74-096BF753AC78}.Release|x86.ActiveCfg = Release|Win32
		{508BA82F-0DEC-44AA-BB74-096BF753AC78}.Release|x86.Build.0 = Release|Win32
		{CDC51BE2-B7AB-4E17-9B5D-68820411E6CD}.Debug|x64.ActiveCfg = Debug|x64
		{CDC51BE2-B7AB-4E17-9B5D-68820411E6CD}.Debug|x64.Build.0 = Debug|x64
		{CDC51BE2-B7AB-4E17-9B5D-68820411E6CD}.Debug|x86.ActiveCfg = Debug|Win32
		{CDC51BE2-B7AB-4E17-9B5D-68820411E6CD}.Debug|x86.Build.0 = Debug|Win32
		{CDC51BE2-B7AB-4E17-9B5D-68820411E6CD}.Release|x64.ActiveCfg = Release|x64
		{CDC51BE2-B7AB-4E17-9B5D-68820411E6CD}.Release|x64.Build.0 = Release|x64
		{CDC51BE2-B7AB-4E17-9B5D-68820411E6CD}.Release|x86.ActiveCfg = Release|Win32
		{CDC51BE2-B7AB-4E17-9B5D-68820411E6CD}.Release|x86.Build.0 = Release|Win32
		{9BD647D2-683B-4BBD-97F9-C19EB2851FE3}.Debug|x64.ActiveCfg = Debug|x64
		{9BD647D2-683B-4BBD-97F9-C19EB2851FE3}.Debug|x64.Build.0 = Debug|x64
		{9BD647D2-683B-4BBD-97F9-C19EB2851FE3}.Debug|x86.ActiveCfg = Debug|Win32
		{9BD647D2-683B-4BBD-97F9-C19EB2851FE3}.Debug|x86.Build.0 = Debug|Win32
		{9BD647D2-683B-4BBD-97F9-C19EB2851FE3}.Release|x64.ActiveCfg = Release|x64
		{9BD647D2-683B-4BBD-97F9-C19EB2851FE3}.Release|x64.Build.0 = Release|x64
		{9BD647D2-683B-4BBD-97F9-C19EB2851FE3}.Release|x86.ActiveCfg = Release|Win32
		{9BD647D2-683B-4BBD-97F9-C19EB2851FE3}.Release|x86.Build.0 = Release|Win32
		{CBA36D33-BBC1-458B-BDB5-E8A4FEBE6A8C}.Debug|x64.ActiveCfg = Debug|x64
		{CBA36D33-BBC1-458B-BDB5-E8A4FEBE6A8C}.Debug|x64.Build.0 = Debug|x64
		{CBA36D33-BBC1-458B-BDB5-E8A4FEBE6A8C}.Debug|x86.ActiveCfg = Debug|Win32
		{CBA36D33-BBC1-458B-BDB5-E8A4FEBE6A8C}.Debug|x86.Build.0 = Debug|Win32
		{CBA36D33-BBC1-458B-BDB5-E8A4FEBE6A8C}.Release|x64.ActiveCfg = Release|x64
		{CBA36D33-BBC1-458B-BDB5-E8A4FEBE6A8C}.Release|x64.Build.0 = Release|x64
		{CBA36D33-BBC1-458B-BDB5-E8A4FEBE6A8C}.Release|x86.ActiveCfg = Release|Win32
		{CBA36D33-BBC1-458B-BDB5-E8A4FEBE6A8C}.Release|x86.Build.0 = Release|Win32
	EndGlobalSection
	GlobalSection(SolutionProperties) = preSolution
		HideSolutionNode = FALSE
	EndGlobalSection
	GlobalSection(ExtensibilityGlobals) = postSolution
		SolutionGuid = {4461BDE3-F07D-47B0-B154-EB5E08245F81}
	EndGlobalSection
EndGlobal
